{
  "name": "myappz",
  "version": "1.0.0",
  "lockfileVersion": 3,
  "requires": true,
  "packages": {
    "": {
      "name": "myappz",
      "version": "1.0.0",
      "license": "ISC",
      "dependencies": {
        "@gedai/mylibz": "^1.0.0"
      }
    },
    "node_modules/@gedai/mylibz": {
      "version": "1.0.0",
      "resolved": "http://localhost:4873/@gedai/mylibz/-/mylibz-1.0.0.tgz",
      "integrity": "sha512-FMd0NfJjwQHSNQ+2Xz8fuMNSMIpaTTTUAtRx7xrVXg2Prrri/+0bWYT8R12dDy2MbuNV7q+PdZ6e0EiATdzPfg=="
    }
  }
}
